
Microsoft Visual Studio Solution File, Format Version 12.00
# Visual Studio Version 17
VisualStudioVersion = 17.4.33213.308
MinimumVisualStudioVersion = 10.0.40219.1
Project("{FAE04EC0-301F-11D3-BF4B-00C04F79EFBC}") = "tarea2 lenguaje 3 proyecto asincona", "tarea2 lenguaje 3 proyecto asincona\tarea2 lenguaje 3 proyecto asincona.csproj", "{3290E2B8-B5E0-417C-88FA-88BA551236B2}"
EndProject
Global
	GlobalSection(SolutionConfigurationPlatforms) = preSolution
		Debug|Any CPU = Debug|Any CPU
		Release|Any CPU = Release|Any CPU
	EndGlobalSection
	GlobalSection(ProjectConfigurationPlatforms) = postSolution
		{3290E2B8-B5E0-417C-88FA-88BA551236B2}.Debug|Any CPU.ActiveCfg = Debug|Any CPU
		{3290E2B8-B5E0-417C-88FA-88BA551236B2}.Debug|Any CPU.Build.0 = Debug|Any CPU
		{3290E2B8-B5E0-417C-88FA-88BA551236B2}.Release|Any CPU.ActiveCfg = Release|Any CPU
		{3290E2B8-B5E0-417C-88FA-88BA551236B2}.Release|Any CPU.Build.0 = Release|Any CPU
	EndGlobalSection
	GlobalSection(SolutionProperties) = preSolution
		HideSolutionNode = FALSE
	EndGlobalSection
	GlobalSection(ExtensibilityGlobals) = postSolution
		SolutionGuid = {1BEB5FDC-D61C-47BC-BA08-E58C6CCB25FE}
	EndGlobalSection
EndGlobal
